
Microsoft Visual Studio Solution File, Format Version 12.00
# Visual Studio Version 17
VisualStudioVersion = 17.5.33414.496
MinimumVisualStudioVersion = 10.0.40219.1
Project("{FAE04EC0-301F-11D3-BF4B-00C04F79EFBC}") = "tpmodul6_1302210014", "tpmodul6_1302210014.csproj", "{F98A9956-D095-4634-A140-6865B2B9682B}"
EndProject
Global
	GlobalSection(SolutionConfigurationPlatforms) = preSolution
		Debug|Any CPU = Debug|Any CPU
		Release|Any CPU = Release|Any CPU
	EndGlobalSection
	GlobalSection(ProjectConfigurationPlatforms) = postSolution
		{F98A9956-D095-4634-A140-6865B2B9682B}.Debug|Any CPU.ActiveCfg = Debug|Any CPU
		{F98A9956-D095-4634-A140-6865B2B9682B}.Debug|Any CPU.Build.0 = Debug|Any CPU
		{F98A9956-D095-4634-A140-6865B2B9682B}.Release|Any CPU.ActiveCfg = Release|Any CPU
		{F98A9956-D095-4634-A140-6865B2B9682B}.Release|Any CPU.Build.0 = Release|Any CPU
	EndGlobalSection
	GlobalSection(SolutionProperties) = preSolution
		HideSolutionNode = FALSE
	EndGlobalSection
	GlobalSection(ExtensibilityGlobals) = postSolution
		SolutionGuid = {F53BFF80-82BF-4725-9391-4103F61EAC90}
	EndGlobalSection
EndGlobal
